
Microsoft Visual Studio Solution File, Format Version 12.00
# Visual Studio Version 17
VisualStudioVersion = 17.4.33213.308
MinimumVisualStudioVersion = 10.0.40219.1
Project("{FAE04EC0-301F-11D3-BF4B-00C04F79EFBC}") = "ConsoleApp", "ConsoleApp\ConsoleApp.csproj", "{6FCA01A5-EA8F-412A-9BF3-6D5D7B374FDF}"
	ProjectSection(ProjectDependencies) = postProject
		{58DC7FDC-F88A-436E-B784-D298D26726D4} = {58DC7FDC-F88A-436E-B784-D298D26726D4}
	EndProjectSection
EndProject
Project("{FAE04EC0-301F-11D3-BF4B-00C04F79EFBC}") = "EasySaveModel", "EasySaveModel\EasySaveModel.csproj", "{58DC7FDC-F88A-436E-B784-D298D26726D4}"
EndProject
Project("{FAE04EC0-301F-11D3-BF4B-00C04F79EFBC}") = "WpfApp", "WpfApp\WpfApp.csproj", "{2FE37F1C-3830-4167-A16E-D4CA1CC03473}"
EndProject
Project("{9A19103F-16F7-4668-BE54-9A1E7A4F7556}") = "Remote console", "RemoteConsole\Remote console.csproj", "{3C361E00-EE46-4943-81A7-1256BBAAC94A}"
EndProject
Project("{9A19103F-16F7-4668-BE54-9A1E7A4F7556}") = "CryptoSoft", "CryptoSoft\CryptoSoft\CryptoSoft.csproj", "{2D7081B4-C85D-4D8C-80F0-B284FDE0DDEB}"
EndProject
Global
	GlobalSection(SolutionConfigurationPlatforms) = preSolution
		Debug|Any CPU = Debug|Any CPU
		Release|Any CPU = Release|Any CPU
	EndGlobalSection
	GlobalSection(ProjectConfigurationPlatforms) = postSolution
		{6FCA01A5-EA8F-412A-9BF3-6D5D7B374FDF}.Debug|Any CPU.ActiveCfg = Debug|Any CPU
		{6FCA01A5-EA8F-412A-9BF3-6D5D7B374FDF}.Debug|Any CPU.Build.0 = Debug|Any CPU
		{6FCA01A5-EA8F-412A-9BF3-6D5D7B374FDF}.Release|Any CPU.ActiveCfg = Release|Any CPU
		{6FCA01A5-EA8F-412A-9BF3-6D5D7B374FDF}.Release|Any CPU.Build.0 = Release|Any CPU
		{58DC7FDC-F88A-436E-B784-D298D26726D4}.Debug|Any CPU.ActiveCfg = Debug|Any CPU
		{58DC7FDC-F88A-436E-B784-D298D26726D4}.Debug|Any CPU.Build.0 = Debug|Any CPU
		{58DC7FDC-F88A-436E-B784-D298D26726D4}.Release|Any CPU.ActiveCfg = Release|Any CPU
		{58DC7FDC-F88A-436E-B784-D298D26726D4}.Release|Any CPU.Build.0 = Release|Any CPU
		{2FE37F1C-3830-4167-A16E-D4CA1CC03473}.Debug|Any CPU.ActiveCfg = Debug|Any CPU
		{2FE37F1C-3830-4167-A16E-D4CA1CC03473}.Debug|Any CPU.Build.0 = Debug|Any CPU
		{2FE37F1C-3830-4167-A16E-D4CA1CC03473}.Release|Any CPU.ActiveCfg = Release|Any CPU
		{2FE37F1C-3830-4167-A16E-D4CA1CC03473}.Release|Any CPU.Build.0 = Release|Any CPU
		{3C361E00-EE46-4943-81A7-1256BBAAC94A}.Debug|Any CPU.ActiveCfg = Debug|Any CPU
		{3C361E00-EE46-4943-81A7-1256BBAAC94A}.Debug|Any CPU.Build.0 = Debug|Any CPU
		{3C361E00-EE46-4943-81A7-1256BBAAC94A}.Release|Any CPU.ActiveCfg = Release|Any CPU
		{3C361E00-EE46-4943-81A7-1256BBAAC94A}.Release|Any CPU.Build.0 = Release|Any CPU
		{2D7081B4-C85D-4D8C-80F0-B284FDE0DDEB}.Debug|Any CPU.ActiveCfg = Debug|Any CPU
		{2D7081B4-C85D-4D8C-80F0-B284FDE0DDEB}.Debug|Any CPU.Build.0 = Debug|Any CPU
		{2D7081B4-C85D-4D8C-80F0-B284FDE0DDEB}.Release|Any CPU.ActiveCfg = Release|Any CPU
		{2D7081B4-C85D-4D8C-80F0-B284FDE0DDEB}.Release|Any CPU.Build.0 = Release|Any CPU
	EndGlobalSection
	GlobalSection(SolutionProperties) = preSolution
		HideSolutionNode = FALSE
	EndGlobalSection
	GlobalSection(ExtensibilityGlobals) = postSolution
		SolutionGuid = {8260483C-DB6E-4D31-A177-AE3222C260F0}
	EndGlobalSection
EndGlobal
