
Microsoft Visual Studio Solution File, Format Version 12.00
# Visual Studio Version 16
VisualStudioVersion = 16.0.33214.272
MinimumVisualStudioVersion = 10.0.40219.1
Project("{FAE04EC0-301F-11D3-BF4B-00C04F79EFBC}") = "EasySave", "EasySave.csproj", "{5E3864F6-7AD4-4490-8A66-5E49DD958757}"
EndProject
Global
	GlobalSection(SolutionConfigurationPlatforms) = preSolution
		Debug|Any CPU = Debug|Any CPU
		Release|Any CPU = Release|Any CPU
	EndGlobalSection
	GlobalSection(ProjectConfigurationPlatforms) = postSolution
		{5E3864F6-7AD4-4490-8A66-5E49DD958757}.Debug|Any CPU.ActiveCfg = Debug|Any CPU
		{5E3864F6-7AD4-4490-8A66-5E49DD958757}.Debug|Any CPU.Build.0 = Debug|Any CPU
		{5E3864F6-7AD4-4490-8A66-5E49DD958757}.Release|Any CPU.ActiveCfg = Release|Any CPU
		{5E3864F6-7AD4-4490-8A66-5E49DD958757}.Release|Any CPU.Build.0 = Release|Any CPU
	EndGlobalSection
	GlobalSection(SolutionProperties) = preSolution
		HideSolutionNode = FALSE
	EndGlobalSection
	GlobalSection(ExtensibilityGlobals) = postSolution
		SolutionGuid = {685766DC-BC34-415A-BCAB-F7CF903AB290}
	EndGlobalSection
EndGlobal
